// !$*UTF8*$!
{
	archiveVersion = 1;
	classes = {
	};
	objectVersion = 55;
	objects = {

/* Begin PBXBuildFile section */
		3AAAB5AE274ED80B001A0029 /* AppDelegate.swift in Sources */ = {isa = PBXBuildFile; fileRef = 3AAAB5AD274ED80B001A0029 /* AppDelegate.swift */; };
		3AAAB5B0274ED80B001A0029 /* SceneDelegate.swift in Sources */ = {isa = PBXBuildFile; fileRef = 3AAAB5AF274ED80B001A0029 /* SceneDelegate.swift */; };
		3AAAB5B2274ED80B001A0029 /* ViewController.swift in Sources */ = {isa = PBXBuildFile; fileRef = 3AAAB5B1274ED80B001A0029 /* ViewController.swift */; };
		3AAAB5B5274ED80B001A0029 /* Main.storyboard in Resources */ = {isa = PBXBuildFile; fileRef = 3AAAB5B3274ED80B001A0029 /* Main.storyboard */; };
		3AAAB5B7274ED80D001A0029 /* Assets.xcassets in Resources */ = {isa = PBXBuildFile; fileRef = 3AAAB5B6274ED80D001A0029 /* Assets.xcassets */; };
		3AAAB5BA274ED80D001A0029 /* LaunchScreen.storyboard in Resources */ = {isa = PBXBuildFile; fileRef = 3AAAB5B8274ED80D001A0029 /* LaunchScreen.storyboard */; };
		3AC09E0B27531C0400DC996E /* Constants.swift in Sources */ = {isa = PBXBuildFile; fileRef = 3AC09E0A27531C0400DC996E /* Constants.swift */; };
		3AC09E0D27531F3500DC996E /* Album.swift in Sources */ = {isa = PBXBuildFile; fileRef = 3AC09E0C27531F3500DC996E /* Album.swift */; };
		3AC68E4627559B8900A9BBAB /* TableViewController.swift in Sources */ = {isa = PBXBuildFile; fileRef = 3AC68E4527559B8900A9BBAB /* TableViewController.swift */; };
		3AC68E4827559F2500A9BBAB /* InfoViewController.swift in Sources */ = {isa = PBXBuildFile; fileRef = 3AC68E4727559F2500A9BBAB /* InfoViewController.swift */; };
/* End PBXBuildFile section */

/* Begin PBXFileReference section */
		3AAAB5AA274ED80B001A0029 /* ExamMusicList.app */ = {isa = PBXFileReference; explicitFileType = wrapper.application; includeInIndex = 0; path = ExamMusicList.app; sourceTree = BUILT_PRODUCTS_DIR; };
		3AAAB5AD274ED80B001A0029 /* AppDelegate.swift */ = {isa = PBXFileReference; lastKnownFileType = sourcecode.swift; path = AppDelegate.swift; sourceTree = "<group>"; };
		3AAAB5AF274ED80B001A0029 /* SceneDelegate.swift */ = {isa = PBXFileReference; lastKnownFileType = sourcecode.swift; path = SceneDelegate.swift; sourceTree = "<group>"; };
		3AAAB5B1274ED80B001A0029 /* ViewController.swift */ = {isa = PBXFileReference; lastKnownFileType = sourcecode.swift; path = ViewController.swift; sourceTree = "<group>"; };
		3AAAB5B4274ED80B001A0029 /* Base */ = {isa = PBXFileReference; lastKnownFileType = file.storyboard; name = Base; path = Base.lproj/Main.storyboard; sourceTree = "<group>"; };
		3AAAB5B6274ED80D001A0029 /* Assets.xcassets */ = {isa = PBXFileReference; lastKnownFileType = folder.assetcatalog; path = Assets.xcassets; sourceTree = "<group>"; };
		3AAAB5B9274ED80D001A0029 /* Base */ = {isa = PBXFileReference; lastKnownFileType = file.storyboard; name = Base; path = Base.lproj/LaunchScreen.storyboard; sourceTree = "<group>"; };
		3AAAB5BB274ED80D001A0029 /* Info.plist */ = {isa = PBXFileReference; lastKnownFileType = text.plist.xml; path = Info.plist; sourceTree = "<group>"; };
		3AC09E0A27531C0400DC996E /* Constants.swift */ = {isa = PBXFileReference; lastKnownFileType = sourcecode.swift; path = Constants.swift; sourceTree = "<group>"; };
		3AC09E0C27531F3500DC996E /* Album.swift */ = {isa = PBXFileReference; lastKnownFileType = sourcecode.swift; path = Album.swift; sourceTree = "<group>"; };
		3AC68E4527559B8900A9BBAB /* TableViewController.swift */ = {isa = PBXFileReference; lastKnownFileType = sourcecode.swift; path = TableViewController.swift; sourceTree = "<group>"; };
		3AC68E4727559F2500A9BBAB /* InfoViewController.swift */ = {isa = PBXFileReference; lastKnownFileType = sourcecode.swift; path = InfoViewController.swift; sourceTree = "<group>"; };
/* End PBXFileReference section */

/* Begin PBXFrameworksBuildPhase section */
		3AAAB5A7274ED80B001A0029 /* Frameworks */ = {
			isa = PBXFrameworksBuildPhase;
			buildActionMask = 2147483647;
			files = (
			);
			runOnlyForDeploymentPostprocessing = 0;
		};
/* End PBXFrameworksBuildPhase section */

/* Begin PBXGroup section */
		3AAAB5A1274ED80B001A0029 = {
			isa = PBXGroup;
			children = (
				3AAAB5AC274ED80B001A0029 /* ExamMusicList */,
				3AAAB5AB274ED80B001A0029 /* Products */,
			);
			sourceTree = "<group>";
		};
		3AAAB5AB274ED80B001A0029 /* Products */ = {
			isa = PBXGroup;
			children = (
				3AAAB5AA274ED80B001A0029 /* ExamMusicList.app */,
			);
			name = Products;
			sourceTree = "<group>";
		};
		3AAAB5AC274ED80B001A0029 /* ExamMusicList */ = {
			isa = PBXGroup;
			children = (
				3AC09E092751C27200DC996E /* Model */,
				3AC09E082751C26800DC996E /* Utils */,
				3AAAB5AD274ED80B001A0029 /* AppDelegate.swift */,
				3AAAB5AF274ED80B001A0029 /* SceneDelegate.swift */,
				3AAAB5B1274ED80B001A0029 /* ViewController.swift */,
				3AC68E4527559B8900A9BBAB /* TableViewController.swift */,
				3AC68E4727559F2500A9BBAB /* InfoViewController.swift */,
				3AAAB5B3274ED80B001A0029 /* Main.storyboard */,
				3AAAB5B6274ED80D001A0029 /* Assets.xcassets */,
				3AAAB5B8274ED80D001A0029 /* LaunchScreen.storyboard */,
				3AAAB5BB274ED80D001A0029 /* Info.plist */,
			);
			path = ExamMusicList;
			sourceTree = "<group>";
		};
		3AC09E082751C26800DC996E /* Utils */ = {
			isa = PBXGroup;
			children = (
				3AC09E0A27531C0400DC996E /* Constants.swift */,
			);
			path = Utils;
			sourceTree = "<group>";
		};
		3AC09E092751C27200DC996E /* Model */ = {
			isa = PBXGroup;
			children = (
				3AC09E0C27531F3500DC996E /* Album.swift */,
			);
			path = Model;
			sourceTree = "<group>";
		};
/* End PBXGroup section */

/* Begin PBXNativeTarget section */
		3AAAB5A9274ED80B001A0029 /* ExamMusicList */ = {
			isa = PBXNativeTarget;
			buildConfigurationList = 3AAAB5BE274ED80D001A0029 /* Build configuration list for PBXNativeTarget "ExamMusicList" */;
			buildPhases = (
				3AAAB5A6274ED80B001A0029 /* Sources */,
				3AAAB5A7274ED80B001A0029 /* Frameworks */,
				3AAAB5A8274ED80B001A0029 /* Resources */,
			);
			buildRules = (
			);
			dependencies = (
			);
			name = ExamMusicList;
			productName = ExamMusicList;
			productReference = 3AAAB5AA274ED80B001A0029 /* ExamMusicList.app */;
			productType = "com.apple.product-type.application";
		};
/* End PBXNativeTarget section */

/* Begin PBXProject section */
		3AAAB5A2274ED80B001A0029 /* Project object */ = {
			isa = PBXProject;
			attributes = {
				BuildIndependentTargetsInParallel = 1;
				LastSwiftUpdateCheck = 1310;
				LastUpgradeCheck = 1310;
				TargetAttributes = {
					3AAAB5A9274ED80B001A0029 = {
						CreatedOnToolsVersion = 13.1;
					};
				};
			};
			buildConfigurationList = 3AAAB5A5274ED80B001A0029 /* Build configuration list for PBXProject "ExamMusicList" */;
			compatibilityVersion = "Xcode 13.0";
			developmentRegion = en;
			hasScannedForEncodings = 0;
			knownRegions = (
				en,
				Base,
			);
			mainGroup = 3AAAB5A1274ED80B001A0029;
			productRefGroup = 3AAAB5AB274ED80B001A0029 /* Products */;
			projectDirPath = "";
			projectRoot = "";
			targets = (
				3AAAB5A9274ED80B001A0029 /* ExamMusicList */,
			);
		};
/* End PBXProject section */

/* Begin PBXResourcesBuildPhase section */
		3AAAB5A8274ED80B001A0029 /* Resources */ = {
			isa = PBXResourcesBuildPhase;
			buildActionMask = 2147483647;
			files = (
				3AAAB5BA274ED80D001A0029 /* LaunchScreen.storyboard in Resources */,
				3AAAB5B7274ED80D001A0029 /* Assets.xcassets in Resources */,
				3AAAB5B5274ED80B001A0029 /* Main.storyboard in Resources */,
			);
			runOnlyForDeploymentPostprocessing = 0;
		};
/* End PBXResourcesBuildPhase section */

/* Begin PBXSourcesBuildPhase section */
		3AAAB5A6274ED80B001A0029 /* Sources */ = {
			isa = PBXSourcesBuildPhase;
			buildActionMask = 2147483647;
			files = (
				3AAAB5B2274ED80B001A0029 /* ViewController.swift in Sources */,
				3AC68E4627559B8900A9BBAB /* TableViewController.swift in Sources */,
				3AAAB5AE274ED80B001A0029 /* AppDelegate.swift in Sources */,
				3AC68E4827559F2500A9BBAB /* InfoViewController.swift in Sources */,
				3AAAB5B0274ED80B001A0029 /* SceneDelegate.swift in Sources */,
				3AC09E0B27531C0400DC996E /* Constants.swift in Sources */,
				3AC09E0D27531F3500DC996E /* Album.swift in Sources */,
			);
			runOnlyForDeploymentPostprocessing = 0;
		};
/* End PBXSourcesBuildPhase section */

/* Begin PBXVariantGroup section */
		3AAAB5B3274ED80B001A0029 /* Main.storyboard */ = {
			isa = PBXVariantGroup;
			children = (
				3AAAB5B4274ED80B001A0029 /* Base */,
			);
			name = Main.storyboard;
			sourceTree = "<group>";
		};
		3AAAB5B8274ED80D001A0029 /* LaunchScreen.storyboard */ = {
			isa = PBXVariantGroup;
			children = (
				3AAAB5B9274ED80D001A0029 /* Base */,
			);
			name = LaunchScreen.storyboard;
			sourceTree = "<group>";
		};
/* End PBXVariantGroup section */

/* Begin XCBuildConfiguration section */
		3AAAB5BC274ED80D001A0029 /* Debug */ = {
			isa = XCBuildConfiguration;
			buildSettings = {
				ALWAYS_SEARCH_USER_PATHS = NO;
				CLANG_ANALYZER_NONNULL = YES;
				CLANG_ANALYZER_NUMBER_OBJECT_CONVERSION = YES_AGGRESSIVE;
				CLANG_CXX_LANGUAGE_STANDARD = "gnu++17";
				CLANG_CXX_LIBRARY = "libc++";
				CLANG_ENABLE_MODULES = YES;
				CLANG_ENABLE_OBJC_ARC = YES;
				CLANG_ENABLE_OBJC_WEAK = YES;
				CLANG_WARN_BLOCK_CAPTURE_AUTORELEASING = YES;
				CLANG_WARN_BOOL_CONVERSION = YES;
				CLANG_WARN_COMMA = YES;
				CLANG_WARN_CONSTANT_CONVERSION = YES;
				CLANG_WARN_DEPRECATED_OBJC_IMPLEMENTATIONS = YES;
				CLANG_WARN_DIRECT_OBJC_ISA_USAGE = YES_ERROR;
				CLANG_WARN_DOCUMENTATION_COMMENTS = YES;
				CLANG_WARN_EMPTY_BODY = YES;
				CLANG_WARN_ENUM_CONVERSION = YES;
				CLANG_WARN_INFINITE_RECURSION = YES;
				CLANG_WARN_INT_CONVERSION = YES;
				CLANG_WARN_NON_LITERAL_NULL_CONVERSION = YES;
				CLANG_WARN_OBJC_IMPLICIT_RETAIN_SELF = YES;
				CLANG_WARN_OBJC_LITERAL_CONVERSION = YES;
				CLANG_WARN_OBJC_ROOT_CLASS = YES_ERROR;
				CLANG_WARN_QUOTED_INCLUDE_IN_FRAMEWORK_HEADER = YES;
				CLANG_WARN_RANGE_LOOP_ANALYSIS = YES;
				CLANG_WARN_STRICT_PROTOTYPES = YES;
				CLANG_WARN_SUSPICIOUS_MOVE = YES;
				CLANG_WARN_UNGUARDED_AVAILABILITY = YES_AGGRESSIVE;
				CLANG_WARN_UNREACHABLE_CODE = YES;
				CLANG_WARN__DUPLICATE_METHOD_MATCH = YES;
				COPY_PHASE_STRIP = NO;
				DEBUG_INFORMATION_FORMAT = dwarf;
				ENABLE_STRICT_OBJC_MSGSEND = YES;
				ENABLE_TESTABILITY = YES;
				GCC_C_LANGUAGE_STANDARD = gnu11;
				GCC_DYNAMIC_NO_PIC = NO;
				GCC_NO_COMMON_BLOCKS = YES;
				GCC_OPTIMIZATION_LEVEL = 0;
				GCC_PREPROCESSOR_DEFINITIONS = (
					"DEBUG=1",
					"$(inherited)",
				);
				GCC_WARN_64_TO_32_BIT_CONVERSION = YES;
				GCC_WARN_ABOUT_RETURN_TYPE = YES_ERROR;
				GCC_WARN_UNDECLARED_SELECTOR = YES;
				GCC_WARN_UNINITIALIZED_AUTOS = YES_AGGRESSIVE;
				GCC_WARN_UNUSED_FUNCTION = YES;
				GCC_WARN_UNUSED_VARIABLE = YES;
				IPHONEOS_DEPLOYMENT_TARGET = 15.0;
				MTL_ENABLE_DEBUG_INFO = INCLUDE_SOURCE;
				MTL_FAST_MATH = YES;
				ONLY_ACTIVE_ARCH = YES;
				SDKROOT = iphoneos;
				SWIFT_ACTIVE_COMPILATION_CONDITIONS = DEBUG;
				SWIFT_OPTIMIZATION_LEVEL = "-Onone";
			};
			name = Debug;
		};
		3AAAB5BD274ED80D001A0029 /* Release */ = {
			isa = XCBuildConfiguration;
			buildSettings = {
				ALWAYS_SEARCH_USER_PATHS = NO;
				CLANG_ANALYZER_NONNULL = YES;
				CLANG_ANALYZER_NUMBER_OBJECT_CONVERSION = YES_AGGRESSIVE;
				CLANG_CXX_LANGUAGE_STANDARD = "gnu++17";
				CLANG_CXX_LIBRARY = "libc++";
				CLANG_ENABLE_MODULES = YES;
				CLANG_ENABLE_OBJC_ARC = YES;
				CLANG_ENABLE_OBJC_WEAK = YES;
				CLANG_WARN_BLOCK_CAPTURE_AUTORELEASING = YES;
				CLANG_WARN_BOOL_CONVERSION = YES;
				CLANG_WARN_COMMA = YES;
				CLANG_WARN_CONSTANT_CONVERSION = YES;
				CLANG_WARN_DEPRECATED_OBJC_IMPLEMENTATIONS = YES;
				CLANG_WARN_DIRECT_OBJC_ISA_USAGE = YES_ERROR;
				CLANG_WARN_DOCUMENTATION_COMMENTS = YES;
				CLANG_WARN_EMPTY_BODY = YES;
				CLANG_WARN_ENUM_CONVERSION = YES;
				CLANG_WARN_INFINITE_RECURSION = YES;
				CLANG_WARN_INT_CONVERSION = YES;
				CLANG_WARN_NON_LITERAL_NULL_CONVERSION = YES;
				CLANG_WARN_OBJC_IMPLICIT_RETAIN_SELF = YES;
				CLANG_WARN_OBJC_LITERAL_CONVERSION = YES;
				CLANG_WARN_OBJC_ROOT_CLASS = YES_ERROR;
				CLANG_WARN_QUOTED_INCLUDE_IN_FRAMEWORK_HEADER = YES;
				CLANG_WARN_RANGE_LOOP_ANALYSIS = YES;
				CLANG_WARN_STRICT_PROTOTYPES = YES;
				CLANG_WARN_SUSPICIOUS_MOVE = YES;
				CLANG_WARN_UNGUARDED_AVAILABILITY = YES_AGGRESSIVE;
				CLANG_WARN_UNREACHABLE_CODE = YES;
				CLANG_WARN__DUPLICATE_METHOD_MATCH = YES;
				COPY_PHASE_STRIP = NO;
				DEBUG_INFORMATION_FORMAT = "dwarf-with-dsym";
				ENABLE_NS_ASSERTIONS = NO;
				ENABLE_STRICT_OBJC_MSGSEND = YES;
				GCC_C_LANGUAGE_STANDARD = gnu11;
				GCC_NO_COMMON_BLOCKS = YES;
				GCC_WARN_64_TO_32_BIT_CONVERSION = YES;
				GCC_WARN_ABOUT_RETURN_TYPE = YES_ERROR;
				GCC_WARN_UNDECLARED_SELECTOR = YES;
				GCC_WARN_UNINITIALIZED_AUTOS = YES_AGGRESSIVE;
				GCC_WARN_UNUSED_FUNCTION = YES;
				GCC_WARN_UNUSED_VARIABLE = YES;
				IPHONEOS_DEPLOYMENT_TARGET = 15.0;
				MTL_ENABLE_DEBUG_INFO = NO;
				MTL_FAST_MATH = YES;
				SDKROOT = iphoneos;
				SWIFT_COMPILATION_MODE = wholemodule;
				SWIFT_OPTIMIZATION_LEVEL = "-O";
				VALIDATE_PRODUCT = YES;
			};
			name = Release;
		};
		3AAAB5BF274ED80D001A0029 /* Debug */ = {
			isa = XCBuildConfiguration;
			buildSettings = {
				ASSETCATALOG_COMPILER_APPICON_NAME = AppIcon;
				ASSETCATALOG_COMPILER_GLOBAL_ACCENT_COLOR_NAME = AccentColor;
				CODE_SIGN_STYLE = Automatic;
				CURRENT_PROJECT_VERSION = 1;
				GENERATE_INFOPLIST_FILE = YES;
				INFOPLIST_FILE = ExamMusicList/Info.plist;
				INFOPLIST_KEY_UIApplicationSupportsIndirectInputEvents = YES;
				INFOPLIST_KEY_UILaunchStoryboardName = LaunchScreen;
				INFOPLIST_KEY_UIMainStoryboardFile = Main;
				INFOPLIST_KEY_UISupportedInterfaceOrientations_iPad = "UIInterfaceOrientationPortrait UIInterfaceOrientationPortraitUpsideDown UIInterfaceOrientationLandscapeLeft UIInterfaceOrientationLandscapeRight";
				INFOPLIST_KEY_UISupportedInterfaceOrientations_iPhone = "UIInterfaceOrientationPortrait UIInterfaceOrientationLandscapeLeft UIInterfaceOrientationLandscapeRight";
				LD_RUNPATH_SEARCH_PATHS = (
					"$(inherited)",
					"@executable_path/Frameworks",
				);
				MARKETING_VERSION = 1.0;
				PRODUCT_BUNDLE_IDENTIFIER = EnhanceIT.ExamMusicList;
				PRODUCT_NAME = "$(TARGET_NAME)";
				SWIFT_EMIT_LOC_STRINGS = YES;
				SWIFT_VERSION = 5.0;
				TARGETED_DEVICE_FAMILY = "1,2";
			};
			name = Debug;
		};
		3AAAB5C0274ED80D001A0029 /* Release */ = {
			isa = XCBuildConfiguration;
			buildSettings = {
				ASSETCATALOG_COMPILER_APPICON_NAME = AppIcon;
				ASSETCATALOG_COMPILER_GLOBAL_ACCENT_COLOR_NAME = AccentColor;
				CODE_SIGN_STYLE = Automatic;
				CURRENT_PROJECT_VERSION = 1;
				GENERATE_INFOPLIST_FILE = YES;
				INFOPLIST_FILE = ExamMusicList/Info.plist;
				INFOPLIST_KEY_UIApplicationSupportsIndirectInputEvents = YES;
				INFOPLIST_KEY_UILaunchStoryboardName = LaunchScreen;
				INFOPLIST_KEY_UIMainStoryboardFile = Main;
				INFOPLIST_KEY_UISupportedInterfaceOrientations_iPad = "UIInterfaceOrientationPortrait UIInterfaceOrientationPortraitUpsideDown UIInterfaceOrientationLandscapeLeft UIInterfaceOrientationLandscapeRight";
				INFOPLIST_KEY_UISupportedInterfaceOrientations_iPhone = "UIInterfaceOrientationPortrait UIInterfaceOrientationLandscapeLeft UIInterfaceOrientationLandscapeRight";
				LD_RUNPATH_SEARCH_PATHS = (
					"$(inherited)",
					"@executable_path/Frameworks",
				);
				MARKETING_VERSION = 1.0;
				PRODUCT_BUNDLE_IDENTIFIER = EnhanceIT.ExamMusicList;
				PRODUCT_NAME = "$(TARGET_NAME)";
				SWIFT_EMIT_LOC_STRINGS = YES;
				SWIFT_VERSION = 5.0;
				TARGETED_DEVICE_FAMILY = "1,2";
			};
			name = Release;
		};
/* End XCBuildConfiguration section */

/* Begin XCConfigurationList section */
		3AAAB5A5274ED80B001A0029 /* Build configuration list for PBXProject "ExamMusicList" */ = {
			isa = XCConfigurationList;
			buildConfigurations = (
				3AAAB5BC274ED80D001A0029 /* Debug */,
				3AAAB5BD274ED80D001A0029 /* Release */,
			);
			defaultConfigurationIsVisible = 0;
			defaultConfigurationName = Release;
		};
		3AAAB5BE274ED80D001A0029 /* Build configuration list for PBXNativeTarget "ExamMusicList" */ = {
			isa = XCConfigurationList;
			buildConfigurations = (
				3AAAB5BF274ED80D001A0029 /* Debug */,
				3AAAB5C0274ED80D001A0029 /* Release */,
			);
			defaultConfigurationIsVisible = 0;
			defaultConfigurationName = Release;
		};
/* End XCConfigurationList section */
	};
	rootObject = 3AAAB5A2274ED80B001A0029 /* Project object */;
}
