// !$*UTF8*$!
{
	archiveVersion = 1;
	classes = {
	};
	objectVersion = 56;
	objects = {

/* Begin PBXBuildFile section */
		D50EE1E729C376B0006304BE /* AppDelegate.swift in Sources */ = {isa = PBXBuildFile; fileRef = D50EE1E629C376B0006304BE /* AppDelegate.swift */; };
		D50EE1E929C376B0006304BE /* SceneDelegate.swift in Sources */ = {isa = PBXBuildFile; fileRef = D50EE1E829C376B0006304BE /* SceneDelegate.swift */; };
		D50EE1EE29C376B0006304BE /* Main.storyboard in Resources */ = {isa = PBXBuildFile; fileRef = D50EE1EC29C376B0006304BE /* Main.storyboard */; };
		D50EE1F029C376B0006304BE /* Assets.xcassets in Resources */ = {isa = PBXBuildFile; fileRef = D50EE1EF29C376B0006304BE /* Assets.xcassets */; };
		D50EE1F329C376B0006304BE /* LaunchScreen.storyboard in Resources */ = {isa = PBXBuildFile; fileRef = D50EE1F129C376B0006304BE /* LaunchScreen.storyboard */; };
		D50EE1FE29C376B1006304BE /* _0230316_EduardoReyes_NYCSchoolsTests.swift in Sources */ = {isa = PBXBuildFile; fileRef = D50EE1FD29C376B1006304BE /* _0230316_EduardoReyes_NYCSchoolsTests.swift */; };
		D50EE20829C376B1006304BE /* _0230316_EduardoReyes_NYCSchoolsUITests.swift in Sources */ = {isa = PBXBuildFile; fileRef = D50EE20729C376B1006304BE /* _0230316_EduardoReyes_NYCSchoolsUITests.swift */; };
		D50EE20A29C376B1006304BE /* _0230316_EduardoReyes_NYCSchoolsUITestsLaunchTests.swift in Sources */ = {isa = PBXBuildFile; fileRef = D50EE20929C376B1006304BE /* _0230316_EduardoReyes_NYCSchoolsUITestsLaunchTests.swift */; };
		D50EE21B29C376FC006304BE /* NetworkManager.swift in Sources */ = {isa = PBXBuildFile; fileRef = D50EE21A29C376FC006304BE /* NetworkManager.swift */; };
		D50EE21D29C37709006304BE /* NetworkError.swift in Sources */ = {isa = PBXBuildFile; fileRef = D50EE21C29C37709006304BE /* NetworkError.swift */; };
		D50EE21F29C3773B006304BE /* APIEndpoints.swift in Sources */ = {isa = PBXBuildFile; fileRef = D50EE21E29C3773B006304BE /* APIEndpoints.swift */; };
		D50EE22129C37752006304BE /* SATInfo.swift in Sources */ = {isa = PBXBuildFile; fileRef = D50EE22029C37752006304BE /* SATInfo.swift */; };
		D50EE22729C37A0E006304BE /* SchoolInfo.swift in Sources */ = {isa = PBXBuildFile; fileRef = D50EE22629C37A0E006304BE /* SchoolInfo.swift */; };
		D50EE22929C37B81006304BE /* SchoolSATInfoViewController.swift in Sources */ = {isa = PBXBuildFile; fileRef = D50EE22829C37B81006304BE /* SchoolSATInfoViewController.swift */; };
		D50EE22B29C380CA006304BE /* SchoolListViewModel.swift in Sources */ = {isa = PBXBuildFile; fileRef = D50EE22A29C380CA006304BE /* SchoolListViewModel.swift */; };
		D50EE22F29C3B2B8006304BE /* SchoolsListTableViewController.swift in Sources */ = {isa = PBXBuildFile; fileRef = D50EE22E29C3B2B8006304BE /* SchoolsListTableViewController.swift */; };
		D5413ECC29D0F99B00F6A9E2 /* SchoolsListTableViewUITests.swift in Sources */ = {isa = PBXBuildFile; fileRef = D5413ECB29D0F99B00F6A9E2 /* SchoolsListTableViewUITests.swift */; };
/* End PBXBuildFile section */

/* Begin PBXContainerItemProxy section */
		D50EE1FA29C376B0006304BE /* PBXContainerItemProxy */ = {
			isa = PBXContainerItemProxy;
			containerPortal = D50EE1DB29C376B0006304BE /* Project object */;
			proxyType = 1;
			remoteGlobalIDString = D50EE1E229C376B0006304BE;
			remoteInfo = "20230316-EduardoReyes-NYCSchools";
		};
		D50EE20429C376B1006304BE /* PBXContainerItemProxy */ = {
			isa = PBXContainerItemProxy;
			containerPortal = D50EE1DB29C376B0006304BE /* Project object */;
			proxyType = 1;
			remoteGlobalIDString = D50EE1E229C376B0006304BE;
			remoteInfo = "20230316-EduardoReyes-NYCSchools";
		};
/* End PBXContainerItemProxy section */

/* Begin PBXFileReference section */
		D50EE1E329C376B0006304BE /* 20230316-EduardoReyes-NYCSchools.app */ = {isa = PBXFileReference; explicitFileType = wrapper.application; includeInIndex = 0; path = "20230316-EduardoReyes-NYCSchools.app"; sourceTree = BUILT_PRODUCTS_DIR; };
		D50EE1E629C376B0006304BE /* AppDelegate.swift */ = {isa = PBXFileReference; lastKnownFileType = sourcecode.swift; path = AppDelegate.swift; sourceTree = "<group>"; };
		D50EE1E829C376B0006304BE /* SceneDelegate.swift */ = {isa = PBXFileReference; lastKnownFileType = sourcecode.swift; path = SceneDelegate.swift; sourceTree = "<group>"; };
		D50EE1ED29C376B0006304BE /* Base */ = {isa = PBXFileReference; lastKnownFileType = file.storyboard; name = Base; path = Base.lproj/Main.storyboard; sourceTree = "<group>"; };
		D50EE1EF29C376B0006304BE /* Assets.xcassets */ = {isa = PBXFileReference; lastKnownFileType = folder.assetcatalog; path = Assets.xcassets; sourceTree = "<group>"; };
		D50EE1F229C376B0006304BE /* Base */ = {isa = PBXFileReference; lastKnownFileType = file.storyboard; name = Base; path = Base.lproj/LaunchScreen.storyboard; sourceTree = "<group>"; };
		D50EE1F429C376B0006304BE /* Info.plist */ = {isa = PBXFileReference; lastKnownFileType = text.plist.xml; path = Info.plist; sourceTree = "<group>"; };
		D50EE1F929C376B0006304BE /* 20230316-EduardoReyes-NYCSchoolsTests.xctest */ = {isa = PBXFileReference; explicitFileType = wrapper.cfbundle; includeInIndex = 0; path = "20230316-EduardoReyes-NYCSchoolsTests.xctest"; sourceTree = BUILT_PRODUCTS_DIR; };
		D50EE1FD29C376B1006304BE /* _0230316_EduardoReyes_NYCSchoolsTests.swift */ = {isa = PBXFileReference; lastKnownFileType = sourcecode.swift; path = _0230316_EduardoReyes_NYCSchoolsTests.swift; sourceTree = "<group>"; };
		D50EE20329C376B1006304BE /* 20230316-EduardoReyes-NYCSchoolsUITests.xctest */ = {isa = PBXFileReference; explicitFileType = wrapper.cfbundle; includeInIndex = 0; path = "20230316-EduardoReyes-NYCSchoolsUITests.xctest"; sourceTree = BUILT_PRODUCTS_DIR; };
		D50EE20729C376B1006304BE /* _0230316_EduardoReyes_NYCSchoolsUITests.swift */ = {isa = PBXFileReference; lastKnownFileType = sourcecode.swift; path = _0230316_EduardoReyes_NYCSchoolsUITests.swift; sourceTree = "<group>"; };
		D50EE20929C376B1006304BE /* _0230316_EduardoReyes_NYCSchoolsUITestsLaunchTests.swift */ = {isa = PBXFileReference; lastKnownFileType = sourcecode.swift; path = _0230316_EduardoReyes_NYCSchoolsUITestsLaunchTests.swift; sourceTree = "<group>"; };
		D50EE21A29C376FC006304BE /* NetworkManager.swift */ = {isa = PBXFileReference; lastKnownFileType = sourcecode.swift; path = NetworkManager.swift; sourceTree = "<group>"; };
		D50EE21C29C37709006304BE /* NetworkError.swift */ = {isa = PBXFileReference; lastKnownFileType = sourcecode.swift; path = NetworkError.swift; sourceTree = "<group>"; };
		D50EE21E29C3773B006304BE /* APIEndpoints.swift */ = {isa = PBXFileReference; lastKnownFileType = sourcecode.swift; path = APIEndpoints.swift; sourceTree = "<group>"; };
		D50EE22029C37752006304BE /* SATInfo.swift */ = {isa = PBXFileReference; lastKnownFileType = sourcecode.swift; path = SATInfo.swift; sourceTree = "<group>"; };
		D50EE22629C37A0E006304BE /* SchoolInfo.swift */ = {isa = PBXFileReference; lastKnownFileType = sourcecode.swift; path = SchoolInfo.swift; sourceTree = "<group>"; };
		D50EE22829C37B81006304BE /* SchoolSATInfoViewController.swift */ = {isa = PBXFileReference; lastKnownFileType = sourcecode.swift; path = SchoolSATInfoViewController.swift; sourceTree = "<group>"; };
		D50EE22A29C380CA006304BE /* SchoolListViewModel.swift */ = {isa = PBXFileReference; lastKnownFileType = sourcecode.swift; path = SchoolListViewModel.swift; sourceTree = "<group>"; };
		D50EE22E29C3B2B8006304BE /* SchoolsListTableViewController.swift */ = {isa = PBXFileReference; lastKnownFileType = sourcecode.swift; path = SchoolsListTableViewController.swift; sourceTree = "<group>"; };
		D5413ECB29D0F99B00F6A9E2 /* SchoolsListTableViewUITests.swift */ = {isa = PBXFileReference; lastKnownFileType = sourcecode.swift; path = SchoolsListTableViewUITests.swift; sourceTree = "<group>"; };
/* End PBXFileReference section */

/* Begin PBXFrameworksBuildPhase section */
		D50EE1E029C376B0006304BE /* Frameworks */ = {
			isa = PBXFrameworksBuildPhase;
			buildActionMask = 2147483647;
			files = (
			);
			runOnlyForDeploymentPostprocessing = 0;
		};
		D50EE1F629C376B0006304BE /* Frameworks */ = {
			isa = PBXFrameworksBuildPhase;
			buildActionMask = 2147483647;
			files = (
			);
			runOnlyForDeploymentPostprocessing = 0;
		};
		D50EE20029C376B1006304BE /* Frameworks */ = {
			isa = PBXFrameworksBuildPhase;
			buildActionMask = 2147483647;
			files = (
			);
			runOnlyForDeploymentPostprocessing = 0;
		};
/* End PBXFrameworksBuildPhase section */

/* Begin PBXGroup section */
		D50EE1DA29C376B0006304BE = {
			isa = PBXGroup;
			children = (
				D50EE1E529C376B0006304BE /* 20230316-EduardoReyes-NYCSchools */,
				D50EE1FC29C376B1006304BE /* 20230316-EduardoReyes-NYCSchoolsTests */,
				D50EE20629C376B1006304BE /* 20230316-EduardoReyes-NYCSchoolsUITests */,
				D50EE1E429C376B0006304BE /* Products */,
			);
			sourceTree = "<group>";
		};
		D50EE1E429C376B0006304BE /* Products */ = {
			isa = PBXGroup;
			children = (
				D50EE1E329C376B0006304BE /* 20230316-EduardoReyes-NYCSchools.app */,
				D50EE1F929C376B0006304BE /* 20230316-EduardoReyes-NYCSchoolsTests.xctest */,
				D50EE20329C376B1006304BE /* 20230316-EduardoReyes-NYCSchoolsUITests.xctest */,
			);
			name = Products;
			sourceTree = "<group>";
		};
		D50EE1E529C376B0006304BE /* 20230316-EduardoReyes-NYCSchools */ = {
			isa = PBXGroup;
			children = (
				D50EE21929C376E1006304BE /* Network */,
				D50EE21829C376DC006304BE /* Model */,
				D50EE21729C376D2006304BE /* View */,
				D50EE21629C376C7006304BE /* ViewModel */,
				D50EE1E629C376B0006304BE /* AppDelegate.swift */,
				D50EE1E829C376B0006304BE /* SceneDelegate.swift */,
				D50EE1EC29C376B0006304BE /* Main.storyboard */,
				D50EE1EF29C376B0006304BE /* Assets.xcassets */,
				D50EE1F129C376B0006304BE /* LaunchScreen.storyboard */,
				D50EE1F429C376B0006304BE /* Info.plist */,
			);
			path = "20230316-EduardoReyes-NYCSchools";
			sourceTree = "<group>";
		};
		D50EE1FC29C376B1006304BE /* 20230316-EduardoReyes-NYCSchoolsTests */ = {
			isa = PBXGroup;
			children = (
				D50EE1FD29C376B1006304BE /* _0230316_EduardoReyes_NYCSchoolsTests.swift */,
			);
			path = "20230316-EduardoReyes-NYCSchoolsTests";
			sourceTree = "<group>";
		};
		D50EE20629C376B1006304BE /* 20230316-EduardoReyes-NYCSchoolsUITests */ = {
			isa = PBXGroup;
			children = (
				D50EE20729C376B1006304BE /* _0230316_EduardoReyes_NYCSchoolsUITests.swift */,
				D50EE20929C376B1006304BE /* _0230316_EduardoReyes_NYCSchoolsUITestsLaunchTests.swift */,
				D5413ECB29D0F99B00F6A9E2 /* SchoolsListTableViewUITests.swift */,
			);
			path = "20230316-EduardoReyes-NYCSchoolsUITests";
			sourceTree = "<group>";
		};
		D50EE21629C376C7006304BE /* ViewModel */ = {
			isa = PBXGroup;
			children = (
				D50EE22A29C380CA006304BE /* SchoolListViewModel.swift */,
			);
			path = ViewModel;
			sourceTree = "<group>";
		};
		D50EE21729C376D2006304BE /* View */ = {
			isa = PBXGroup;
			children = (
				D50EE22E29C3B2B8006304BE /* SchoolsListTableViewController.swift */,
				D50EE22829C37B81006304BE /* SchoolSATInfoViewController.swift */,
			);
			path = View;
			sourceTree = "<group>";
		};
		D50EE21829C376DC006304BE /* Model */ = {
			isa = PBXGroup;
			children = (
				D50EE21E29C3773B006304BE /* APIEndpoints.swift */,
				D50EE22629C37A0E006304BE /* SchoolInfo.swift */,
				D50EE22029C37752006304BE /* SATInfo.swift */,
			);
			path = Model;
			sourceTree = "<group>";
		};
		D50EE21929C376E1006304BE /* Network */ = {
			isa = PBXGroup;
			children = (
				D50EE21A29C376FC006304BE /* NetworkManager.swift */,
				D50EE21C29C37709006304BE /* NetworkError.swift */,
			);
			path = Network;
			sourceTree = "<group>";
		};
/* End PBXGroup section */

/* Begin PBXNativeTarget section */
		D50EE1E229C376B0006304BE /* 20230316-EduardoReyes-NYCSchools */ = {
			isa = PBXNativeTarget;
			buildConfigurationList = D50EE20D29C376B1006304BE /* Build configuration list for PBXNativeTarget "20230316-EduardoReyes-NYCSchools" */;
			buildPhases = (
				D50EE1DF29C376B0006304BE /* Sources */,
				D50EE1E029C376B0006304BE /* Frameworks */,
				D50EE1E129C376B0006304BE /* Resources */,
			);
			buildRules = (
			);
			dependencies = (
			);
			name = "20230316-EduardoReyes-NYCSchools";
			productName = "20230316-EduardoReyes-NYCSchools";
			productReference = D50EE1E329C376B0006304BE /* 20230316-EduardoReyes-NYCSchools.app */;
			productType = "com.apple.product-type.application";
		};
		D50EE1F829C376B0006304BE /* 20230316-EduardoReyes-NYCSchoolsTests */ = {
			isa = PBXNativeTarget;
			buildConfigurationList = D50EE21029C376B1006304BE /* Build configuration list for PBXNativeTarget "20230316-EduardoReyes-NYCSchoolsTests" */;
			buildPhases = (
				D50EE1F529C376B0006304BE /* Sources */,
				D50EE1F629C376B0006304BE /* Frameworks */,
				D50EE1F729C376B0006304BE /* Resources */,
			);
			buildRules = (
			);
			dependencies = (
				D50EE1FB29C376B0006304BE /* PBXTargetDependency */,
			);
			name = "20230316-EduardoReyes-NYCSchoolsTests";
			productName = "20230316-EduardoReyes-NYCSchoolsTests";
			productReference = D50EE1F929C376B0006304BE /* 20230316-EduardoReyes-NYCSchoolsTests.xctest */;
			productType = "com.apple.product-type.bundle.unit-test";
		};
		D50EE20229C376B1006304BE /* 20230316-EduardoReyes-NYCSchoolsUITests */ = {
			isa = PBXNativeTarget;
			buildConfigurationList = D50EE21329C376B1006304BE /* Build configuration list for PBXNativeTarget "20230316-EduardoReyes-NYCSchoolsUITests" */;
			buildPhases = (
				D50EE1FF29C376B1006304BE /* Sources */,
				D50EE20029C376B1006304BE /* Frameworks */,
				D50EE20129C376B1006304BE /* Resources */,
			);
			buildRules = (
			);
			dependencies = (
				D50EE20529C376B1006304BE /* PBXTargetDependency */,
			);
			name = "20230316-EduardoReyes-NYCSchoolsUITests";
			productName = "20230316-EduardoReyes-NYCSchoolsUITests";
			productReference = D50EE20329C376B1006304BE /* 20230316-EduardoReyes-NYCSchoolsUITests.xctest */;
			productType = "com.apple.product-type.bundle.ui-testing";
		};
/* End PBXNativeTarget section */

/* Begin PBXProject section */
		D50EE1DB29C376B0006304BE /* Project object */ = {
			isa = PBXProject;
			attributes = {
				BuildIndependentTargetsInParallel = 1;
				LastSwiftUpdateCheck = 1420;
				LastUpgradeCheck = 1420;
				TargetAttributes = {
					D50EE1E229C376B0006304BE = {
						CreatedOnToolsVersion = 14.2;
					};
					D50EE1F829C376B0006304BE = {
						CreatedOnToolsVersion = 14.2;
						TestTargetID = D50EE1E229C376B0006304BE;
					};
					D50EE20229C376B1006304BE = {
						CreatedOnToolsVersion = 14.2;
						TestTargetID = D50EE1E229C376B0006304BE;
					};
				};
			};
			buildConfigurationList = D50EE1DE29C376B0006304BE /* Build configuration list for PBXProject "20230316-EduardoReyes-NYCSchools" */;
			compatibilityVersion = "Xcode 14.0";
			developmentRegion = en;
			hasScannedForEncodings = 0;
			knownRegions = (
				en,
				Base,
			);
			mainGroup = D50EE1DA29C376B0006304BE;
			productRefGroup = D50EE1E429C376B0006304BE /* Products */;
			projectDirPath = "";
			projectRoot = "";
			targets = (
				D50EE1E229C376B0006304BE /* 20230316-EduardoReyes-NYCSchools */,
				D50EE1F829C376B0006304BE /* 20230316-EduardoReyes-NYCSchoolsTests */,
				D50EE20229C376B1006304BE /* 20230316-EduardoReyes-NYCSchoolsUITests */,
			);
		};
/* End PBXProject section */

/* Begin PBXResourcesBuildPhase section */
		D50EE1E129C376B0006304BE /* Resources */ = {
			isa = PBXResourcesBuildPhase;
			buildActionMask = 2147483647;
			files = (
				D50EE1F329C376B0006304BE /* LaunchScreen.storyboard in Resources */,
				D50EE1F029C376B0006304BE /* Assets.xcassets in Resources */,
				D50EE1EE29C376B0006304BE /* Main.storyboard in Resources */,
			);
			runOnlyForDeploymentPostprocessing = 0;
		};
		D50EE1F729C376B0006304BE /* Resources */ = {
			isa = PBXResourcesBuildPhase;
			buildActionMask = 2147483647;
			files = (
			);
			runOnlyForDeploymentPostprocessing = 0;
		};
		D50EE20129C376B1006304BE /* Resources */ = {
			isa = PBXResourcesBuildPhase;
			buildActionMask = 2147483647;
			files = (
			);
			runOnlyForDeploymentPostprocessing = 0;
		};
/* End PBXResourcesBuildPhase section */

/* Begin PBXSourcesBuildPhase section */
		D50EE1DF29C376B0006304BE /* Sources */ = {
			isa = PBXSourcesBuildPhase;
			buildActionMask = 2147483647;
			files = (
				D50EE21B29C376FC006304BE /* NetworkManager.swift in Sources */,
				D50EE22929C37B81006304BE /* SchoolSATInfoViewController.swift in Sources */,
				D50EE1E729C376B0006304BE /* AppDelegate.swift in Sources */,
				D50EE22129C37752006304BE /* SATInfo.swift in Sources */,
				D50EE21F29C3773B006304BE /* APIEndpoints.swift in Sources */,
				D50EE1E929C376B0006304BE /* SceneDelegate.swift in Sources */,
				D50EE22729C37A0E006304BE /* SchoolInfo.swift in Sources */,
				D50EE21D29C37709006304BE /* NetworkError.swift in Sources */,
				D50EE22F29C3B2B8006304BE /* SchoolsListTableViewController.swift in Sources */,
				D50EE22B29C380CA006304BE /* SchoolListViewModel.swift in Sources */,
			);
			runOnlyForDeploymentPostprocessing = 0;
		};
		D50EE1F529C376B0006304BE /* Sources */ = {
			isa = PBXSourcesBuildPhase;
			buildActionMask = 2147483647;
			files = (
				D50EE1FE29C376B1006304BE /* _0230316_EduardoReyes_NYCSchoolsTests.swift in Sources */,
			);
			runOnlyForDeploymentPostprocessing = 0;
		};
		D50EE1FF29C376B1006304BE /* Sources */ = {
			isa = PBXSourcesBuildPhase;
			buildActionMask = 2147483647;
			files = (
				D50EE20829C376B1006304BE /* _0230316_EduardoReyes_NYCSchoolsUITests.swift in Sources */,
				D5413ECC29D0F99B00F6A9E2 /* SchoolsListTableViewUITests.swift in Sources */,
				D50EE20A29C376B1006304BE /* _0230316_EduardoReyes_NYCSchoolsUITestsLaunchTests.swift in Sources */,
			);
			runOnlyForDeploymentPostprocessing = 0;
		};
/* End PBXSourcesBuildPhase section */

/* Begin PBXTargetDependency section */
		D50EE1FB29C376B0006304BE /* PBXTargetDependency */ = {
			isa = PBXTargetDependency;
			target = D50EE1E229C376B0006304BE /* 20230316-EduardoReyes-NYCSchools */;
			targetProxy = D50EE1FA29C376B0006304BE /* PBXContainerItemProxy */;
		};
		D50EE20529C376B1006304BE /* PBXTargetDependency */ = {
			isa = PBXTargetDependency;
			target = D50EE1E229C376B0006304BE /* 20230316-EduardoReyes-NYCSchools */;
			targetProxy = D50EE20429C376B1006304BE /* PBXContainerItemProxy */;
		};
/* End PBXTargetDependency section */

/* Begin PBXVariantGroup section */
		D50EE1EC29C376B0006304BE /* Main.storyboard */ = {
			isa = PBXVariantGroup;
			children = (
				D50EE1ED29C376B0006304BE /* Base */,
			);
			name = Main.storyboard;
			sourceTree = "<group>";
		};
		D50EE1F129C376B0006304BE /* LaunchScreen.storyboard */ = {
			isa = PBXVariantGroup;
			children = (
				D50EE1F229C376B0006304BE /* Base */,
			);
			name = LaunchScreen.storyboard;
			sourceTree = "<group>";
		};
/* End PBXVariantGroup section */

/* Begin XCBuildConfiguration section */
		D50EE20B29C376B1006304BE /* Debug */ = {
			isa = XCBuildConfiguration;
			buildSettings = {
				ALWAYS_SEARCH_USER_PATHS = NO;
				CLANG_ANALYZER_NONNULL = YES;
				CLANG_ANALYZER_NUMBER_OBJECT_CONVERSION = YES_AGGRESSIVE;
				CLANG_CXX_LANGUAGE_STANDARD = "gnu++20";
				CLANG_ENABLE_MODULES = YES;
				CLANG_ENABLE_OBJC_ARC = YES;
				CLANG_ENABLE_OBJC_WEAK = YES;
				CLANG_WARN_BLOCK_CAPTURE_AUTORELEASING = YES;
				CLANG_WARN_BOOL_CONVERSION = YES;
				CLANG_WARN_COMMA = YES;
				CLANG_WARN_CONSTANT_CONVERSION = YES;
				CLANG_WARN_DEPRECATED_OBJC_IMPLEMENTATIONS = YES;
				CLANG_WARN_DIRECT_OBJC_ISA_USAGE = YES_ERROR;
				CLANG_WARN_DOCUMENTATION_COMMENTS = YES;
				CLANG_WARN_EMPTY_BODY = YES;
				CLANG_WARN_ENUM_CONVERSION = YES;
				CLANG_WARN_INFINITE_RECURSION = YES;
				CLANG_WARN_INT_CONVERSION = YES;
				CLANG_WARN_NON_LITERAL_NULL_CONVERSION = YES;
				CLANG_WARN_OBJC_IMPLICIT_RETAIN_SELF = YES;
				CLANG_WARN_OBJC_LITERAL_CONVERSION = YES;
				CLANG_WARN_OBJC_ROOT_CLASS = YES_ERROR;
				CLANG_WARN_QUOTED_INCLUDE_IN_FRAMEWORK_HEADER = YES;
				CLANG_WARN_RANGE_LOOP_ANALYSIS = YES;
				CLANG_WARN_STRICT_PROTOTYPES = YES;
				CLANG_WARN_SUSPICIOUS_MOVE = YES;
				CLANG_WARN_UNGUARDED_AVAILABILITY = YES_AGGRESSIVE;
				CLANG_WARN_UNREACHABLE_CODE = YES;
				CLANG_WARN__DUPLICATE_METHOD_MATCH = YES;
				COPY_PHASE_STRIP = NO;
				DEBUG_INFORMATION_FORMAT = dwarf;
				ENABLE_STRICT_OBJC_MSGSEND = YES;
				ENABLE_TESTABILITY = YES;
				GCC_C_LANGUAGE_STANDARD = gnu11;
				GCC_DYNAMIC_NO_PIC = NO;
				GCC_NO_COMMON_BLOCKS = YES;
				GCC_OPTIMIZATION_LEVEL = 0;
				GCC_PREPROCESSOR_DEFINITIONS = (
					"DEBUG=1",
					"$(inherited)",
				);
				GCC_WARN_64_TO_32_BIT_CONVERSION = YES;
				GCC_WARN_ABOUT_RETURN_TYPE = YES_ERROR;
				GCC_WARN_UNDECLARED_SELECTOR = YES;
				GCC_WARN_UNINITIALIZED_AUTOS = YES_AGGRESSIVE;
				GCC_WARN_UNUSED_FUNCTION = YES;
				GCC_WARN_UNUSED_VARIABLE = YES;
				IPHONEOS_DEPLOYMENT_TARGET = 16.2;
				MTL_ENABLE_DEBUG_INFO = INCLUDE_SOURCE;
				MTL_FAST_MATH = YES;
				ONLY_ACTIVE_ARCH = YES;
				SDKROOT = iphoneos;
				SWIFT_ACTIVE_COMPILATION_CONDITIONS = DEBUG;
				SWIFT_OPTIMIZATION_LEVEL = "-Onone";
			};
			name = Debug;
		};
		D50EE20C29C376B1006304BE /* Release */ = {
			isa = XCBuildConfiguration;
			buildSettings = {
				ALWAYS_SEARCH_USER_PATHS = NO;
				CLANG_ANALYZER_NONNULL = YES;
				CLANG_ANALYZER_NUMBER_OBJECT_CONVERSION = YES_AGGRESSIVE;
				CLANG_CXX_LANGUAGE_STANDARD = "gnu++20";
				CLANG_ENABLE_MODULES = YES;
				CLANG_ENABLE_OBJC_ARC = YES;
				CLANG_ENABLE_OBJC_WEAK = YES;
				CLANG_WARN_BLOCK_CAPTURE_AUTORELEASING = YES;
				CLANG_WARN_BOOL_CONVERSION = YES;
				CLANG_WARN_COMMA = YES;
				CLANG_WARN_CONSTANT_CONVERSION = YES;
				CLANG_WARN_DEPRECATED_OBJC_IMPLEMENTATIONS = YES;
				CLANG_WARN_DIRECT_OBJC_ISA_USAGE = YES_ERROR;
				CLANG_WARN_DOCUMENTATION_COMMENTS = YES;
				CLANG_WARN_EMPTY_BODY = YES;
				CLANG_WARN_ENUM_CONVERSION = YES;
				CLANG_WARN_INFINITE_RECURSION = YES;
				CLANG_WARN_INT_CONVERSION = YES;
				CLANG_WARN_NON_LITERAL_NULL_CONVERSION = YES;
				CLANG_WARN_OBJC_IMPLICIT_RETAIN_SELF = YES;
				CLANG_WARN_OBJC_LITERAL_CONVERSION = YES;
				CLANG_WARN_OBJC_ROOT_CLASS = YES_ERROR;
				CLANG_WARN_QUOTED_INCLUDE_IN_FRAMEWORK_HEADER = YES;
				CLANG_WARN_RANGE_LOOP_ANALYSIS = YES;
				CLANG_WARN_STRICT_PROTOTYPES = YES;
				CLANG_WARN_SUSPICIOUS_MOVE = YES;
				CLANG_WARN_UNGUARDED_AVAILABILITY = YES_AGGRESSIVE;
				CLANG_WARN_UNREACHABLE_CODE = YES;
				CLANG_WARN__DUPLICATE_METHOD_MATCH = YES;
				COPY_PHASE_STRIP = NO;
				DEBUG_INFORMATION_FORMAT = "dwarf-with-dsym";
				ENABLE_NS_ASSERTIONS = NO;
				ENABLE_STRICT_OBJC_MSGSEND = YES;
				GCC_C_LANGUAGE_STANDARD = gnu11;
				GCC_NO_COMMON_BLOCKS = YES;
				GCC_WARN_64_TO_32_BIT_CONVERSION = YES;
				GCC_WARN_ABOUT_RETURN_TYPE = YES_ERROR;
				GCC_WARN_UNDECLARED_SELECTOR = YES;
				GCC_WARN_UNINITIALIZED_AUTOS = YES_AGGRESSIVE;
				GCC_WARN_UNUSED_FUNCTION = YES;
				GCC_WARN_UNUSED_VARIABLE = YES;
				IPHONEOS_DEPLOYMENT_TARGET = 16.2;
				MTL_ENABLE_DEBUG_INFO = NO;
				MTL_FAST_MATH = YES;
				SDKROOT = iphoneos;
				SWIFT_COMPILATION_MODE = wholemodule;
				SWIFT_OPTIMIZATION_LEVEL = "-O";
				VALIDATE_PRODUCT = YES;
			};
			name = Release;
		};
		D50EE20E29C376B1006304BE /* Debug */ = {
			isa = XCBuildConfiguration;
			buildSettings = {
				ASSETCATALOG_COMPILER_APPICON_NAME = AppIcon;
				ASSETCATALOG_COMPILER_GLOBAL_ACCENT_COLOR_NAME = AccentColor;
				CODE_SIGN_STYLE = Automatic;
				CURRENT_PROJECT_VERSION = 1;
				DEVELOPMENT_TEAM = QLQGBRW7H9;
				GENERATE_INFOPLIST_FILE = YES;
				INFOPLIST_FILE = "20230316-EduardoReyes-NYCSchools/Info.plist";
				INFOPLIST_KEY_UIApplicationSupportsIndirectInputEvents = YES;
				INFOPLIST_KEY_UILaunchStoryboardName = LaunchScreen;
				INFOPLIST_KEY_UIMainStoryboardFile = Main;
				INFOPLIST_KEY_UISupportedInterfaceOrientations_iPad = "UIInterfaceOrientationPortrait UIInterfaceOrientationPortraitUpsideDown UIInterfaceOrientationLandscapeLeft UIInterfaceOrientationLandscapeRight";
				INFOPLIST_KEY_UISupportedInterfaceOrientations_iPhone = "UIInterfaceOrientationPortrait UIInterfaceOrientationLandscapeLeft UIInterfaceOrientationLandscapeRight";
				LD_RUNPATH_SEARCH_PATHS = (
					"$(inherited)",
					"@executable_path/Frameworks",
				);
				MARKETING_VERSION = 1.0;
				PRODUCT_BUNDLE_IDENTIFIER = "com.jpmc.nycschools.apple.-0230316-EduardoReyes-NYCSchools";
				PRODUCT_NAME = "$(TARGET_NAME)";
				SWIFT_EMIT_LOC_STRINGS = YES;
				SWIFT_VERSION = 5.0;
				TARGETED_DEVICE_FAMILY = "1,2";
			};
			name = Debug;
		};
		D50EE20F29C376B1006304BE /* Release */ = {
			isa = XCBuildConfiguration;
			buildSettings = {
				ASSETCATALOG_COMPILER_APPICON_NAME = AppIcon;
				ASSETCATALOG_COMPILER_GLOBAL_ACCENT_COLOR_NAME = AccentColor;
				CODE_SIGN_STYLE = Automatic;
				CURRENT_PROJECT_VERSION = 1;
				DEVELOPMENT_TEAM = QLQGBRW7H9;
				GENERATE_INFOPLIST_FILE = YES;
				INFOPLIST_FILE = "20230316-EduardoReyes-NYCSchools/Info.plist";
				INFOPLIST_KEY_UIApplicationSupportsIndirectInputEvents = YES;
				INFOPLIST_KEY_UILaunchStoryboardName = LaunchScreen;
				INFOPLIST_KEY_UIMainStoryboardFile = Main;
				INFOPLIST_KEY_UISupportedInterfaceOrientations_iPad = "UIInterfaceOrientationPortrait UIInterfaceOrientationPortraitUpsideDown UIInterfaceOrientationLandscapeLeft UIInterfaceOrientationLandscapeRight";
				INFOPLIST_KEY_UISupportedInterfaceOrientations_iPhone = "UIInterfaceOrientationPortrait UIInterfaceOrientationLandscapeLeft UIInterfaceOrientationLandscapeRight";
				LD_RUNPATH_SEARCH_PATHS = (
					"$(inherited)",
					"@executable_path/Frameworks",
				);
				MARKETING_VERSION = 1.0;
				PRODUCT_BUNDLE_IDENTIFIER = "com.jpmc.nycschools.apple.-0230316-EduardoReyes-NYCSchools";
				PRODUCT_NAME = "$(TARGET_NAME)";
				SWIFT_EMIT_LOC_STRINGS = YES;
				SWIFT_VERSION = 5.0;
				TARGETED_DEVICE_FAMILY = "1,2";
			};
			name = Release;
		};
		D50EE21129C376B1006304BE /* Debug */ = {
			isa = XCBuildConfiguration;
			buildSettings = {
				ALWAYS_EMBED_SWIFT_STANDARD_LIBRARIES = YES;
				BUNDLE_LOADER = "$(TEST_HOST)";
				CODE_SIGN_STYLE = Automatic;
				CURRENT_PROJECT_VERSION = 1;
				DEVELOPMENT_TEAM = QLQGBRW7H9;
				GENERATE_INFOPLIST_FILE = YES;
				IPHONEOS_DEPLOYMENT_TARGET = 16.2;
				MARKETING_VERSION = 1.0;
				PRODUCT_BUNDLE_IDENTIFIER = "com.jpmc.nycschools.apple.-0230316-EduardoReyes-NYCSchoolsTests";
				PRODUCT_NAME = "$(TARGET_NAME)";
				SWIFT_EMIT_LOC_STRINGS = NO;
				SWIFT_VERSION = 5.0;
				TARGETED_DEVICE_FAMILY = "1,2";
				TEST_HOST = "$(BUILT_PRODUCTS_DIR)/20230316-EduardoReyes-NYCSchools.app/$(BUNDLE_EXECUTABLE_FOLDER_PATH)/20230316-EduardoReyes-NYCSchools";
			};
			name = Debug;
		};
		D50EE21229C376B1006304BE /* Release */ = {
			isa = XCBuildConfiguration;
			buildSettings = {
				ALWAYS_EMBED_SWIFT_STANDARD_LIBRARIES = YES;
				BUNDLE_LOADER = "$(TEST_HOST)";
				CODE_SIGN_STYLE = Automatic;
				CURRENT_PROJECT_VERSION = 1;
				DEVELOPMENT_TEAM = QLQGBRW7H9;
				GENERATE_INFOPLIST_FILE = YES;
				IPHONEOS_DEPLOYMENT_TARGET = 16.2;
				MARKETING_VERSION = 1.0;
				PRODUCT_BUNDLE_IDENTIFIER = "com.jpmc.nycschools.apple.-0230316-EduardoReyes-NYCSchoolsTests";
				PRODUCT_NAME = "$(TARGET_NAME)";
				SWIFT_EMIT_LOC_STRINGS = NO;
				SWIFT_VERSION = 5.0;
				TARGETED_DEVICE_FAMILY = "1,2";
				TEST_HOST = "$(BUILT_PRODUCTS_DIR)/20230316-EduardoReyes-NYCSchools.app/$(BUNDLE_EXECUTABLE_FOLDER_PATH)/20230316-EduardoReyes-NYCSchools";
			};
			name = Release;
		};
		D50EE21429C376B1006304BE /* Debug */ = {
			isa = XCBuildConfiguration;
			buildSettings = {
				ALWAYS_EMBED_SWIFT_STANDARD_LIBRARIES = YES;
				CODE_SIGN_STYLE = Automatic;
				CURRENT_PROJECT_VERSION = 1;
				DEVELOPMENT_TEAM = QLQGBRW7H9;
				GENERATE_INFOPLIST_FILE = YES;
				MARKETING_VERSION = 1.0;
				PRODUCT_BUNDLE_IDENTIFIER = "com.jpmc.nycschools.apple.-0230316-EduardoReyes-NYCSchoolsUITests";
				PRODUCT_NAME = "$(TARGET_NAME)";
				SWIFT_EMIT_LOC_STRINGS = NO;
				SWIFT_VERSION = 5.0;
				TARGETED_DEVICE_FAMILY = "1,2";
				TEST_TARGET_NAME = "20230316-EduardoReyes-NYCSchools";
			};
			name = Debug;
		};
		D50EE21529C376B1006304BE /* Release */ = {
			isa = XCBuildConfiguration;
			buildSettings = {
				ALWAYS_EMBED_SWIFT_STANDARD_LIBRARIES = YES;
				CODE_SIGN_STYLE = Automatic;
				CURRENT_PROJECT_VERSION = 1;
				DEVELOPMENT_TEAM = QLQGBRW7H9;
				GENERATE_INFOPLIST_FILE = YES;
				MARKETING_VERSION = 1.0;
				PRODUCT_BUNDLE_IDENTIFIER = "com.jpmc.nycschools.apple.-0230316-EduardoReyes-NYCSchoolsUITests";
				PRODUCT_NAME = "$(TARGET_NAME)";
				SWIFT_EMIT_LOC_STRINGS = NO;
				SWIFT_VERSION = 5.0;
				TARGETED_DEVICE_FAMILY = "1,2";
				TEST_TARGET_NAME = "20230316-EduardoReyes-NYCSchools";
			};
			name = Release;
		};
/* End XCBuildConfiguration section */

/* Begin XCConfigurationList section */
		D50EE1DE29C376B0006304BE /* Build configuration list for PBXProject "20230316-EduardoReyes-NYCSchools" */ = {
			isa = XCConfigurationList;
			buildConfigurations = (
				D50EE20B29C376B1006304BE /* Debug */,
				D50EE20C29C376B1006304BE /* Release */,
			);
			defaultConfigurationIsVisible = 0;
			defaultConfigurationName = Release;
		};
		D50EE20D29C376B1006304BE /* Build configuration list for PBXNativeTarget "20230316-EduardoReyes-NYCSchools" */ = {
			isa = XCConfigurationList;
			buildConfigurations = (
				D50EE20E29C376B1006304BE /* Debug */,
				D50EE20F29C376B1006304BE /* Release */,
			);
			defaultConfigurationIsVisible = 0;
			defaultConfigurationName = Release;
		};
		D50EE21029C376B1006304BE /* Build configuration list for PBXNativeTarget "20230316-EduardoReyes-NYCSchoolsTests" */ = {
			isa = XCConfigurationList;
			buildConfigurations = (
				D50EE21129C376B1006304BE /* Debug */,
				D50EE21229C376B1006304BE /* Release */,
			);
			defaultConfigurationIsVisible = 0;
			defaultConfigurationName = Release;
		};
		D50EE21329C376B1006304BE /* Build configuration list for PBXNativeTarget "20230316-EduardoReyes-NYCSchoolsUITests" */ = {
			isa = XCConfigurationList;
			buildConfigurations = (
				D50EE21429C376B1006304BE /* Debug */,
				D50EE21529C376B1006304BE /* Release */,
			);
			defaultConfigurationIsVisible = 0;
			defaultConfigurationName = Release;
		};
/* End XCConfigurationList section */
	};
	rootObject = D50EE1DB29C376B0006304BE /* Project object */;
}
